{
  "name": "human-redux-reactor",
  "version": "2.0.0",
  "lockfileVersion": 1,
  "requires": true,
  "dependencies": {
    "safe-memory-cache": {
      "version": "1.5.1",
      "resolved": "https://registry.npmjs.org/safe-memory-cache/-/safe-memory-cache-1.5.1.tgz",
      "integrity": "sha1-w+AeFI4hThthl9WOPr8nivDkySU="
    }
  }
}
